# THIS IS AN AUTOGENERATED FILE. DO NOT EDIT THIS FILE DIRECTLY.
# yarn lockfile v1


"@vendia/serverless-express@^4.10.1":
  version "4.10.1"
  resolved "https://registry.yarnpkg.com/@vendia/serverless-express/-/serverless-express-4.10.1.tgz#6489cd179734f1cd690b93a90ae2e83ae8adc639"
  integrity sha512-8FM/GnQ8bbp1fynAWLGzNIy3Hyhoevixwh2Aj8qBPpw7rkbWZ1I7RC2XhZZaTZo/1JTDlff4cDDmkgY0CzUV7g==
